
Microsoft Visual Studio Solution File, Format Version 12.00
# Visual Studio Version 17
VisualStudioVersion = 17.1.32210.238
MinimumVisualStudioVersion = 10.0.40219.1
Project("{9A19103F-16F7-4668-BE54-9A1E7A4F7556}") = "CryptoApi", "CryptoApi\CryptoApi.csproj", "{EEC59296-AB5A-4D8C-9210-083AF9B677EF}"
EndProject
Project("{9A19103F-16F7-4668-BE54-9A1E7A4F7556}") = "CoinGecko", "CoinGecko\CoinGecko.csproj", "{98619BA1-1B3E-4EF3-924D-02E9BF0A8CE1}"
EndProject
Global
	GlobalSection(SolutionConfigurationPlatforms) = preSolution
		Debug|Any CPU = Debug|Any CPU
		Release|Any CPU = Release|Any CPU
	EndGlobalSection
	GlobalSection(ProjectConfigurationPlatforms) = postSolution
		{EEC59296-AB5A-4D8C-9210-083AF9B677EF}.Debug|Any CPU.ActiveCfg = Debug|Any CPU
		{EEC59296-AB5A-4D8C-9210-083AF9B677EF}.Debug|Any CPU.Build.0 = Debug|Any CPU
		{EEC59296-AB5A-4D8C-9210-083AF9B677EF}.Release|Any CPU.ActiveCfg = Release|Any CPU
		{EEC59296-AB5A-4D8C-9210-083AF9B677EF}.Release|Any CPU.Build.0 = Release|Any CPU
		{98619BA1-1B3E-4EF3-924D-02E9BF0A8CE1}.Debug|Any CPU.ActiveCfg = Debug|Any CPU
		{98619BA1-1B3E-4EF3-924D-02E9BF0A8CE1}.Debug|Any CPU.Build.0 = Debug|Any CPU
		{98619BA1-1B3E-4EF3-924D-02E9BF0A8CE1}.Release|Any CPU.ActiveCfg = Release|Any CPU
		{98619BA1-1B3E-4EF3-924D-02E9BF0A8CE1}.Release|Any CPU.Build.0 = Release|Any CPU
	EndGlobalSection
	GlobalSection(SolutionProperties) = preSolution
		HideSolutionNode = FALSE
	EndGlobalSection
	GlobalSection(ExtensibilityGlobals) = postSolution
		SolutionGuid = {EE8805CB-1792-45CC-80E0-929BDE609C48}
	EndGlobalSection
EndGlobal
